
Microsoft Visual Studio Solution File, Format Version 12.00
# Visual Studio Version 16
VisualStudioVersion = 25.0.1706.0
MinimumVisualStudioVersion = 10.0.40219.1
Project("{FAE04EC0-301F-11D3-BF4B-00C04F79EFBC}") = "Veterinarias", "Veterinarias\Veterinarias.csproj", "{FCC943EC-7FAF-4453-8F58-EA2C95354180}"
EndProject
Global
	GlobalSection(SolutionConfigurationPlatforms) = preSolution
		Debug|Any CPU = Debug|Any CPU
		Release|Any CPU = Release|Any CPU
	EndGlobalSection
	GlobalSection(ProjectConfigurationPlatforms) = postSolution
		{FCC943EC-7FAF-4453-8F58-EA2C95354180}.Debug|Any CPU.ActiveCfg = Debug|Any CPU
		{FCC943EC-7FAF-4453-8F58-EA2C95354180}.Debug|Any CPU.Build.0 = Debug|Any CPU
		{FCC943EC-7FAF-4453-8F58-EA2C95354180}.Release|Any CPU.ActiveCfg = Release|Any CPU
		{FCC943EC-7FAF-4453-8F58-EA2C95354180}.Release|Any CPU.Build.0 = Release|Any CPU
	EndGlobalSection
	GlobalSection(SolutionProperties) = preSolution
		HideSolutionNode = FALSE
	EndGlobalSection
	GlobalSection(ExtensibilityGlobals) = postSolution
		SolutionGuid = {145B66A3-D584-4C01-AEDC-B3CF7FD8564A}
	EndGlobalSection
EndGlobal
